
Microsoft Visual Studio Solution File, Format Version 12.00
# Visual Studio Version 16
VisualStudioVersion = 16.0.31025.194
MinimumVisualStudioVersion = 10.0.40219.1
Project("{FAE04EC0-301F-11D3-BF4B-00C04F79EFBC}") = "PasenTarea2", "PasenTarea2\PasenTarea2.csproj", "{D49696D6-BE11-40AA-8CED-A30A543CE180}"
EndProject
Global
	GlobalSection(SolutionConfigurationPlatforms) = preSolution
		Debug|Any CPU = Debug|Any CPU
		Release|Any CPU = Release|Any CPU
	EndGlobalSection
	GlobalSection(ProjectConfigurationPlatforms) = postSolution
		{D49696D6-BE11-40AA-8CED-A30A543CE180}.Debug|Any CPU.ActiveCfg = Debug|Any CPU
		{D49696D6-BE11-40AA-8CED-A30A543CE180}.Debug|Any CPU.Build.0 = Debug|Any CPU
		{D49696D6-BE11-40AA-8CED-A30A543CE180}.Release|Any CPU.ActiveCfg = Release|Any CPU
		{D49696D6-BE11-40AA-8CED-A30A543CE180}.Release|Any CPU.Build.0 = Release|Any CPU
	EndGlobalSection
	GlobalSection(SolutionProperties) = preSolution
		HideSolutionNode = FALSE
	EndGlobalSection
	GlobalSection(ExtensibilityGlobals) = postSolution
		SolutionGuid = {CE9C8455-0293-4292-8BB0-C6CDA8B9BA27}
	EndGlobalSection
EndGlobal
